
Microsoft Visual Studio Solution File, Format Version 12.00
# Visual Studio Version 17
VisualStudioVersion = 17.9.34616.47
MinimumVisualStudioVersion = 10.0.40219.1
Project("{9A19103F-16F7-4668-BE54-9A1E7A4F7556}") = "IOS-Peak", "IOS-Peak.csproj", "{4FFF60C1-E515-4465-A08C-3AEB72DE4027}"
EndProject
Global
	GlobalSection(SolutionConfigurationPlatforms) = preSolution
		Debug|Any CPU = Debug|Any CPU
		Release|Any CPU = Release|Any CPU
	EndGlobalSection
	GlobalSection(ProjectConfigurationPlatforms) = postSolution
		{4FFF60C1-E515-4465-A08C-3AEB72DE4027}.Debug|Any CPU.ActiveCfg = Debug|Any CPU
		{4FFF60C1-E515-4465-A08C-3AEB72DE4027}.Debug|Any CPU.Build.0 = Debug|Any CPU
		{4FFF60C1-E515-4465-A08C-3AEB72DE4027}.Release|Any CPU.ActiveCfg = Release|Any CPU
		{4FFF60C1-E515-4465-A08C-3AEB72DE4027}.Release|Any CPU.Build.0 = Release|Any CPU
	EndGlobalSection
	GlobalSection(SolutionProperties) = preSolution
		HideSolutionNode = FALSE
	EndGlobalSection
	GlobalSection(ExtensibilityGlobals) = postSolution
		SolutionGuid = {F7D5984C-730B-4E5A-B572-FD38D91BA1A1}
	EndGlobalSection
EndGlobal
